
Microsoft Visual Studio Solution File, Format Version 12.00
# Visual Studio 2012
Project("{8BC9CEB8-8B4A-11D0-8D11-00A0C91BC942}") = "MR2", "MR2\MR2.vcxproj", "{FA343259-8413-4A80-8E96-8BF656439DFF}"
EndProject
Global
	GlobalSection(SolutionConfigurationPlatforms) = preSolution
		Debug|VisualGDB = Debug|VisualGDB
		Release|VisualGDB = Release|VisualGDB
	EndGlobalSection
	GlobalSection(ProjectConfigurationPlatforms) = postSolution
		{FA343259-8413-4A80-8E96-8BF656439DFF}.Debug|VisualGDB.ActiveCfg = Debug|VisualGDB
		{FA343259-8413-4A80-8E96-8BF656439DFF}.Debug|VisualGDB.Build.0 = Debug|VisualGDB
		{FA343259-8413-4A80-8E96-8BF656439DFF}.Release|VisualGDB.ActiveCfg = Release|VisualGDB
		{FA343259-8413-4A80-8E96-8BF656439DFF}.Release|VisualGDB.Build.0 = Release|VisualGDB
	EndGlobalSection
	GlobalSection(SolutionProperties) = preSolution
		HideSolutionNode = FALSE
	EndGlobalSection
EndGlobal
